
Microsoft Visual Studio Solution File, Format Version 12.00
# Visual Studio Version 16
VisualStudioVersion = 16.0.32228.343
MinimumVisualStudioVersion = 10.0.40219.1
Project("{FAE04EC0-301F-11D3-BF4B-00C04F79EFBC}") = "OpenClosePrinciple", "OpenClosePrinciple\OpenClosePrinciple.csproj", "{509CF4FA-4B58-48D7-B48C-CC5BD2C2438B}"
EndProject
Project("{FAE04EC0-301F-11D3-BF4B-00C04F79EFBC}") = "OpenClosePrinciple.Common", "OpenClosePrinciple.Common\OpenClosePrinciple.Common.csproj", "{8E0FC73B-5422-4781-BF12-03931FBC7CDE}"
EndProject
Global
	GlobalSection(SolutionConfigurationPlatforms) = preSolution
		Debug|Any CPU = Debug|Any CPU
		Release|Any CPU = Release|Any CPU
	EndGlobalSection
	GlobalSection(ProjectConfigurationPlatforms) = postSolution
		{509CF4FA-4B58-48D7-B48C-CC5BD2C2438B}.Debug|Any CPU.ActiveCfg = Debug|Any CPU
		{509CF4FA-4B58-48D7-B48C-CC5BD2C2438B}.Debug|Any CPU.Build.0 = Debug|Any CPU
		{509CF4FA-4B58-48D7-B48C-CC5BD2C2438B}.Release|Any CPU.ActiveCfg = Release|Any CPU
		{509CF4FA-4B58-48D7-B48C-CC5BD2C2438B}.Release|Any CPU.Build.0 = Release|Any CPU
		{8E0FC73B-5422-4781-BF12-03931FBC7CDE}.Debug|Any CPU.ActiveCfg = Debug|Any CPU
		{8E0FC73B-5422-4781-BF12-03931FBC7CDE}.Debug|Any CPU.Build.0 = Debug|Any CPU
		{8E0FC73B-5422-4781-BF12-03931FBC7CDE}.Release|Any CPU.ActiveCfg = Release|Any CPU
		{8E0FC73B-5422-4781-BF12-03931FBC7CDE}.Release|Any CPU.Build.0 = Release|Any CPU
	EndGlobalSection
	GlobalSection(SolutionProperties) = preSolution
		HideSolutionNode = FALSE
	EndGlobalSection
	GlobalSection(ExtensibilityGlobals) = postSolution
		SolutionGuid = {E75E9FBC-8E2E-496F-BBE9-B91D4C56AF19}
	EndGlobalSection
EndGlobal
